
Microsoft Visual Studio Solution File, Format Version 12.00
# Visual Studio Version 17
VisualStudioVersion = 17.9.34607.119
MinimumVisualStudioVersion = 10.0.40219.1
Project("{9A19103F-16F7-4668-BE54-9A1E7A4F7556}") = "hhpw-be", "hhpw-be.csproj", "{890149E1-B6ED-44F7-807F-067F983DDA5A}"
EndProject
Global
	GlobalSection(SolutionConfigurationPlatforms) = preSolution
		Debug|Any CPU = Debug|Any CPU
		Release|Any CPU = Release|Any CPU
	EndGlobalSection
	GlobalSection(ProjectConfigurationPlatforms) = postSolution
		{890149E1-B6ED-44F7-807F-067F983DDA5A}.Debug|Any CPU.ActiveCfg = Debug|Any CPU
		{890149E1-B6ED-44F7-807F-067F983DDA5A}.Debug|Any CPU.Build.0 = Debug|Any CPU
		{890149E1-B6ED-44F7-807F-067F983DDA5A}.Release|Any CPU.ActiveCfg = Release|Any CPU
		{890149E1-B6ED-44F7-807F-067F983DDA5A}.Release|Any CPU.Build.0 = Release|Any CPU
	EndGlobalSection
	GlobalSection(SolutionProperties) = preSolution
		HideSolutionNode = FALSE
	EndGlobalSection
	GlobalSection(ExtensibilityGlobals) = postSolution
		SolutionGuid = {5A86D490-E47B-4BB7-B228-51B5104391CF}
	EndGlobalSection
EndGlobal
